// !$*UTF8*$!
{
	archiveVersion = 1;
	classes = {
	};
	objectVersion = 55;
	objects = {

/* Begin PBXBuildFile section */
		364559F92861114A00368836 /* Persistence.swift in Sources */ = {isa = PBXBuildFile; fileRef = 364559F82861114A00368836 /* Persistence.swift */; };
		364559FB286166E100368836 /* EnumError.swift in Sources */ = {isa = PBXBuildFile; fileRef = 364559FA286166E100368836 /* EnumError.swift */; };
		500ADCC92857ECAF00E619CF /* Assets.xcassets in Resources */ = {isa = PBXBuildFile; fileRef = 50BCEC40284EC02200C85359 /* Assets.xcassets */; };
		500ADCCC2857EE3000E619CF /* FeelingModel.swift in Sources */ = {isa = PBXBuildFile; fileRef = 500ADCCB2857EE3000E619CF /* FeelingModel.swift */; };
		500ADCCF285807AF00E619CF /* EmotionalRowView.swift in Sources */ = {isa = PBXBuildFile; fileRef = 500ADCCE285807AF00E619CF /* EmotionalRowView.swift */; };
		50188B6D2863A5180017AF2C /* EmptyHomeView.swift in Sources */ = {isa = PBXBuildFile; fileRef = 50188B6C2863A5180017AF2C /* EmptyHomeView.swift */; };
		50350D022864F850003CD461 /* FoodQualityDataViewModel.swift in Sources */ = {isa = PBXBuildFile; fileRef = 50350D012864F850003CD461 /* FoodQualityDataViewModel.swift */; };
		50350D052864FDF3003CD461 /* FocusView.swift in Sources */ = {isa = PBXBuildFile; fileRef = 50350D042864FDF3003CD461 /* FocusView.swift */; };
		50350D07286526F7003CD461 /* HomeGridView.swift in Sources */ = {isa = PBXBuildFile; fileRef = 50350D06286526F7003CD461 /* HomeGridView.swift */; };
		50350D1728664B27003CD461 /* HomePlaceholderView.swift in Sources */ = {isa = PBXBuildFile; fileRef = 50350D1628664B27003CD461 /* HomePlaceholderView.swift */; };
		50350D1928664E2A003CD461 /* HomePlaceholderSegmentView.swift in Sources */ = {isa = PBXBuildFile; fileRef = 50350D1828664E2A003CD461 /* HomePlaceholderSegmentView.swift */; };
		504E2F57285A57250015F3D9 /* FoodAlertView.swift in Sources */ = {isa = PBXBuildFile; fileRef = 504E2F56285A57250015F3D9 /* FoodAlertView.swift */; };
		504E2F59285A5A8A0015F3D9 /* FoodQualityDataView.swift in Sources */ = {isa = PBXBuildFile; fileRef = 504E2F58285A5A8A0015F3D9 /* FoodQualityDataView.swift */; };
		505F171C2862607D002D6BF5 /* OnboardingView.swift in Sources */ = {isa = PBXBuildFile; fileRef = 505F171B2862607D002D6BF5 /* OnboardingView.swift */; };
		505F171E28626C93002D6BF5 /* OnboardingBarGraphicModel.swift in Sources */ = {isa = PBXBuildFile; fileRef = 505F171D28626C92002D6BF5 /* OnboardingBarGraphicModel.swift */; };
		505F172128626CDE002D6BF5 /* HeaderOnboardingOne.swift in Sources */ = {isa = PBXBuildFile; fileRef = 505F172028626CDE002D6BF5 /* HeaderOnboardingOne.swift */; };
		505F172328626D26002D6BF5 /* HeaderOnboardingTwo.swift in Sources */ = {isa = PBXBuildFile; fileRef = 505F172228626D26002D6BF5 /* HeaderOnboardingTwo.swift */; };
		505F172528626D96002D6BF5 /* HeaderOnboardingThree.swift in Sources */ = {isa = PBXBuildFile; fileRef = 505F172428626D96002D6BF5 /* HeaderOnboardingThree.swift */; };
		505F172828626EA8002D6BF5 /* OnboardingText.swift in Sources */ = {isa = PBXBuildFile; fileRef = 505F172728626EA8002D6BF5 /* OnboardingText.swift */; };
		507BE86B286A3FDA00B0B46A /* UserDataInput.swift in Sources */ = {isa = PBXBuildFile; fileRef = 507BE869286A3D2400B0B46A /* UserDataInput.swift */; };
		507BE86C286A3FE500B0B46A /* DataEmotionalCollector.swift in Sources */ = {isa = PBXBuildFile; fileRef = 507BE868286A3D2400B0B46A /* DataEmotionalCollector.swift */; };
		507BE86D286A3FE700B0B46A /* DataAlimentationCollector.swift in Sources */ = {isa = PBXBuildFile; fileRef = 507BE867286A3D2400B0B46A /* DataAlimentationCollector.swift */; };
		50957B0F285F5DC000C908BB /* RoundedSquareButton.swift in Sources */ = {isa = PBXBuildFile; fileRef = 50957B0E285F5DC000C908BB /* RoundedSquareButton.swift */; };
		50957B13285F5E2F00C908BB /* FoodQualityRowView.swift in Sources */ = {isa = PBXBuildFile; fileRef = 50957B12285F5E2F00C908BB /* FoodQualityRowView.swift */; };
		50957B15285F61C700C908BB /* FoodQualityDataModel.swift in Sources */ = {isa = PBXBuildFile; fileRef = 50957B14285F61C700C908BB /* FoodQualityDataModel.swift */; };
		50957B19285F66B700C908BB /* EmotionIntensiveValueView.swift in Sources */ = {isa = PBXBuildFile; fileRef = 50957B18285F66B700C908BB /* EmotionIntensiveValueView.swift */; };
		50957B1D285F6A6F00C908BB /* FoodQuantityStepper.swift in Sources */ = {isa = PBXBuildFile; fileRef = 50957B1C285F6A6F00C908BB /* FoodQuantityStepper.swift */; };
		50957B1F285F6C8400C908BB /* FoodQuantityStepperViewModel.swift in Sources */ = {isa = PBXBuildFile; fileRef = 50957B1E285F6C8400C908BB /* FoodQuantityStepperViewModel.swift */; };
		509C889F28638D50004703D2 /* OnboardingFlowView.swift in Sources */ = {isa = PBXBuildFile; fileRef = 509C889E28638D50004703D2 /* OnboardingFlowView.swift */; };
		509C88A12863A12D004703D2 /* UserDefaults+ManagingValues.swift in Sources */ = {isa = PBXBuildFile; fileRef = 509C88A02863A12D004703D2 /* UserDefaults+ManagingValues.swift */; };
		509C88A32863A159004703D2 /* UserDefaultsKeys.swift in Sources */ = {isa = PBXBuildFile; fileRef = 509C88A22863A158004703D2 /* UserDefaultsKeys.swift */; };
		509C88A52863A201004703D2 /* PaginationIndicator.swift in Sources */ = {isa = PBXBuildFile; fileRef = 509C88A42863A201004703D2 /* PaginationIndicator.swift */; };
		509E5D9028515CFB00393673 /* HomeView.swift in Sources */ = {isa = PBXBuildFile; fileRef = 509E5D8F28515CFB00393673 /* HomeView.swift */; };
		50A3DEFB28580A59007952F8 /* EmotionalIntensiveView.swift in Sources */ = {isa = PBXBuildFile; fileRef = 50A3DEFA28580A59007952F8 /* EmotionalIntensiveView.swift */; };
		50A3DEFE285920B3007952F8 /* View+CornerRadius.swift in Sources */ = {isa = PBXBuildFile; fileRef = 50A3DEFD285920B3007952F8 /* View+CornerRadius.swift */; };
		50A3DF0028592116007952F8 /* QuantityIndicator.swift in Sources */ = {isa = PBXBuildFile; fileRef = 50A3DEFF28592116007952F8 /* QuantityIndicator.swift */; };
		50BCEC3C284EC02100C85359 /* Mini06-watchOSApp WatchKit App.app in Embed Watch Content */ = {isa = PBXBuildFile; fileRef = 50BCEC3B284EC02100C85359 /* Mini06-watchOSApp WatchKit App.app */; settings = {ATTRIBUTES = (RemoveHeadersOnCopy, ); }; };
		50BCEC41284EC02200C85359 /* Assets.xcassets in Resources */ = {isa = PBXBuildFile; fileRef = 50BCEC40284EC02200C85359 /* Assets.xcassets */; };
		50BCEC47284EC02300C85359 /* Mini06-watchOSApp WatchKit Extension.appex in Embed App Extensions */ = {isa = PBXBuildFile; fileRef = 50BCEC46284EC02300C85359 /* Mini06-watchOSApp WatchKit Extension.appex */; settings = {ATTRIBUTES = (RemoveHeadersOnCopy, ); }; };
		50BCEC4C284EC02300C85359 /* Mini06_watchOSAppApp.swift in Sources */ = {isa = PBXBuildFile; fileRef = 50BCEC4B284EC02300C85359 /* Mini06_watchOSAppApp.swift */; };
		50BCEC4E284EC02300C85359 /* ContainerView.swift in Sources */ = {isa = PBXBuildFile; fileRef = 50BCEC4D284EC02300C85359 /* ContainerView.swift */; };
		50BCEC50284EC02300C85359 /* NotificationController.swift in Sources */ = {isa = PBXBuildFile; fileRef = 50BCEC4F284EC02300C85359 /* NotificationController.swift */; };
		50BCEC52284EC02300C85359 /* NotificationView.swift in Sources */ = {isa = PBXBuildFile; fileRef = 50BCEC51284EC02300C85359 /* NotificationView.swift */; };
		50BCEC54284EC02300C85359 /* ComplicationController.swift in Sources */ = {isa = PBXBuildFile; fileRef = 50BCEC53284EC02300C85359 /* ComplicationController.swift */; };
		50BCEC56284EC02300C85359 /* Assets.xcassets in Resources */ = {isa = PBXBuildFile; fileRef = 50BCEC55284EC02300C85359 /* Assets.xcassets */; };
		50DCF8932857B0320053887C /* DiaryView.swift in Sources */ = {isa = PBXBuildFile; fileRef = 50DCF8922857B0320053887C /* DiaryView.swift */; };
		50DCF8972857B2130053887C /* CGFloat+ScreenMetrics.swift in Sources */ = {isa = PBXBuildFile; fileRef = 50DCF8962857B2130053887C /* CGFloat+ScreenMetrics.swift */; };
		50DCF8992857BA340053887C /* View+AppColor.swift in Sources */ = {isa = PBXBuildFile; fileRef = 50DCF8982857BA340053887C /* View+AppColor.swift */; };
		50DCF89D2857BA6F0053887C /* AppColors.swift in Sources */ = {isa = PBXBuildFile; fileRef = 50DCF89C2857BA6F0053887C /* AppColors.swift */; };
		50DCF8A02857BAD60053887C /* RoundedRectangleButton.swift in Sources */ = {isa = PBXBuildFile; fileRef = 50DCF89F2857BAD60053887C /* RoundedRectangleButton.swift */; };
		50DCF8A52857CAAC0053887C /* EmotionalView.swift in Sources */ = {isa = PBXBuildFile; fileRef = 50DCF8A42857CAAC0053887C /* EmotionalView.swift */; };
		50F3D3F5285A7AF2007DE261 /* FoodQuantityDataView.swift in Sources */ = {isa = PBXBuildFile; fileRef = 50F3D3F4285A7AF2007DE261 /* FoodQuantityDataView.swift */; };
		50F3D3F7285A889F007DE261 /* DataCollectingFlowView.swift in Sources */ = {isa = PBXBuildFile; fileRef = 50F3D3F6285A889F007DE261 /* DataCollectingFlowView.swift */; };
		50FE6AEE2851861B007F6073 /* HomeViewModel.swift in Sources */ = {isa = PBXBuildFile; fileRef = 50FE6AED2851861B007F6073 /* HomeViewModel.swift */; };
		50FE6AF7285186C9007F6073 /* HomeSegmentView.swift in Sources */ = {isa = PBXBuildFile; fileRef = 50FE6AF6285186C8007F6073 /* HomeSegmentView.swift */; };
		50FE6AFA285186F7007F6073 /* LinearProgressiveView.swift in Sources */ = {isa = PBXBuildFile; fileRef = 50FE6AF9285186F7007F6073 /* LinearProgressiveView.swift */; };
		50FE6AFC28528D56007F6073 /* RoundedTriangle.swift in Sources */ = {isa = PBXBuildFile; fileRef = 50FE6AFB28528D56007F6073 /* RoundedTriangle.swift */; };
		50FE6AFE28528D95007F6073 /* CircularSegment.swift in Sources */ = {isa = PBXBuildFile; fileRef = 50FE6AFD28528D95007F6073 /* CircularSegment.swift */; };
		50FE6B0028528DB2007F6073 /* DashedProgressView.swift in Sources */ = {isa = PBXBuildFile; fileRef = 50FE6AFF28528DB2007F6073 /* DashedProgressView.swift */; };
		FBBAED462860F0DD00CFD86E /* CoreData.xcdatamodeld in Sources */ = {isa = PBXBuildFile; fileRef = FBBAED442860F0DD00CFD86E /* CoreData.xcdatamodeld */; };
		FBBAED5B2860F5FD00CFD86E /* Emotional+CoreDataClass.swift in Sources */ = {isa = PBXBuildFile; fileRef = FBBAED492860F5FD00CFD86E /* Emotional+CoreDataClass.swift */; };
		FBBAED5C2860F5FD00CFD86E /* Emotional+CoreDataProperties.swift in Sources */ = {isa = PBXBuildFile; fileRef = FBBAED4A2860F5FD00CFD86E /* Emotional+CoreDataProperties.swift */; };
		FBBAED5D2860F5FD00CFD86E /* Alimentation+CoreDataClass.swift in Sources */ = {isa = PBXBuildFile; fileRef = FBBAED4B2860F5FD00CFD86E /* Alimentation+CoreDataClass.swift */; };
		FBBAED5E2860F5FD00CFD86E /* Alimentation+CoreDataProperties.swift in Sources */ = {isa = PBXBuildFile; fileRef = FBBAED4C2860F5FD00CFD86E /* Alimentation+CoreDataProperties.swift */; };
		FBBAED5F2860F5FD00CFD86E /* Bpm+CoreDataClass.swift in Sources */ = {isa = PBXBuildFile; fileRef = FBBAED4D2860F5FD00CFD86E /* Bpm+CoreDataClass.swift */; };
		FBBAED602860F5FD00CFD86E /* Bpm+CoreDataProperties.swift in Sources */ = {isa = PBXBuildFile; fileRef = FBBAED4E2860F5FD00CFD86E /* Bpm+CoreDataProperties.swift */; };
		FBBAED612860F5FD00CFD86E /* Sleep+CoreDataClass.swift in Sources */ = {isa = PBXBuildFile; fileRef = FBBAED4F2860F5FD00CFD86E /* Sleep+CoreDataClass.swift */; };
		FBBAED622860F5FD00CFD86E /* Sleep+CoreDataProperties.swift in Sources */ = {isa = PBXBuildFile; fileRef = FBBAED502860F5FD00CFD86E /* Sleep+CoreDataProperties.swift */; };
		FBBAED632860F5FD00CFD86E /* Meal+CoreDataClass.swift in Sources */ = {isa = PBXBuildFile; fileRef = FBBAED512860F5FD00CFD86E /* Meal+CoreDataClass.swift */; };
		FBBAED642860F5FD00CFD86E /* Meal+CoreDataProperties.swift in Sources */ = {isa = PBXBuildFile; fileRef = FBBAED522860F5FD00CFD86E /* Meal+CoreDataProperties.swift */; };
		FBBAED652860F5FD00CFD86E /* AlimentationCategory+CoreDataClass.swift in Sources */ = {isa = PBXBuildFile; fileRef = FBBAED532860F5FD00CFD86E /* AlimentationCategory+CoreDataClass.swift */; };
		FBBAED662860F5FD00CFD86E /* AlimentationCategory+CoreDataProperties.swift in Sources */ = {isa = PBXBuildFile; fileRef = FBBAED542860F5FD00CFD86E /* AlimentationCategory+CoreDataProperties.swift */; };
		FBBAED672860F5FD00CFD86E /* EmojiCategory+CoreDataClass.swift in Sources */ = {isa = PBXBuildFile; fileRef = FBBAED552860F5FD00CFD86E /* EmojiCategory+CoreDataClass.swift */; };
		FBBAED682860F5FD00CFD86E /* EmojiCategory+CoreDataProperties.swift in Sources */ = {isa = PBXBuildFile; fileRef = FBBAED562860F5FD00CFD86E /* EmojiCategory+CoreDataProperties.swift */; };
		FBBAED692860F5FD00CFD86E /* Exercice+CoreDataClass.swift in Sources */ = {isa = PBXBuildFile; fileRef = FBBAED572860F5FD00CFD86E /* Exercice+CoreDataClass.swift */; };
		FBBAED6A2860F5FD00CFD86E /* Exercice+CoreDataProperties.swift in Sources */ = {isa = PBXBuildFile; fileRef = FBBAED582860F5FD00CFD86E /* Exercice+CoreDataProperties.swift */; };
		FBBAED6B2860F5FD00CFD86E /* DailyGeneral+CoreDataClass.swift in Sources */ = {isa = PBXBuildFile; fileRef = FBBAED592860F5FD00CFD86E /* DailyGeneral+CoreDataClass.swift */; };
		FBBAED6C2860F5FD00CFD86E /* DailyGeneral+CoreDataProperties.swift in Sources */ = {isa = PBXBuildFile; fileRef = FBBAED5A2860F5FD00CFD86E /* DailyGeneral+CoreDataProperties.swift */; };
		FBBAED7928639C6A00CFD86E /* EmotionalIntensiveViewModel.swift in Sources */ = {isa = PBXBuildFile; fileRef = FBBAED7828639C6A00CFD86E /* EmotionalIntensiveViewModel.swift */; };
		FBBAED7F2863B3AF00CFD86E /* FoodQuantityDataViewModel.swift in Sources */ = {isa = PBXBuildFile; fileRef = FBBAED7E2863B3AF00CFD86E /* FoodQuantityDataViewModel.swift */; };
		FBBAED8C2866298D00CFD86E /* HealthKit.framework in Frameworks */ = {isa = PBXBuildFile; fileRef = FBBAED8B2866298D00CFD86E /* HealthKit.framework */; };
		FBBAED8F28662B2100CFD86E /* PermissionView.swift in Sources */ = {isa = PBXBuildFile; fileRef = FBBAED8E28662B2100CFD86E /* PermissionView.swift */; };
		FBBAED9228662D4700CFD86E /* PermissionButtonView.swift in Sources */ = {isa = PBXBuildFile; fileRef = FBBAED9128662D4700CFD86E /* PermissionButtonView.swift */; };
		FBBAED942866367500CFD86E /* HealthKitFunctions.swift in Sources */ = {isa = PBXBuildFile; fileRef = FBBAED932866367500CFD86E /* HealthKitFunctions.swift */; };
		FBBAED972866415600CFD86E /* WarningView.swift in Sources */ = {isa = PBXBuildFile; fileRef = FBBAED962866415600CFD86E /* WarningView.swift */; };
		FBBAEDD728690D7200CFD86E /* PermissionFlowView.swift in Sources */ = {isa = PBXBuildFile; fileRef = FBBAEDD628690D7100CFD86E /* PermissionFlowView.swift */; };
/* End PBXBuildFile section */

/* Begin PBXContainerItemProxy section */
		50BCEC3D284EC02100C85359 /* PBXContainerItemProxy */ = {
			isa = PBXContainerItemProxy;
			containerPortal = 50BCEC31284EC02100C85359 /* Project object */;
			proxyType = 1;
			remoteGlobalIDString = 50BCEC3A284EC02100C85359;
			remoteInfo = "Mini06-watchOSApp WatchKit App";
		};
		50BCEC48284EC02300C85359 /* PBXContainerItemProxy */ = {
			isa = PBXContainerItemProxy;
			containerPortal = 50BCEC31284EC02100C85359 /* Project object */;
			proxyType = 1;
			remoteGlobalIDString = 50BCEC45284EC02300C85359;
			remoteInfo = "Mini06-watchOSApp WatchKit Extension";
		};
/* End PBXContainerItemProxy section */

/* Begin PBXCopyFilesBuildPhase section */
		50BCEC61284EC02300C85359 /* Embed App Extensions */ = {
			isa = PBXCopyFilesBuildPhase;
			buildActionMask = 2147483647;
			dstPath = "";
			dstSubfolderSpec = 13;
			files = (
				50BCEC47284EC02300C85359 /* Mini06-watchOSApp WatchKit Extension.appex in Embed App Extensions */,
			);
			name = "Embed App Extensions";
			runOnlyForDeploymentPostprocessing = 0;
		};
		50BCEC65284EC02300C85359 /* Embed Watch Content */ = {
			isa = PBXCopyFilesBuildPhase;
			buildActionMask = 2147483647;
			dstPath = "$(CONTENTS_FOLDER_PATH)/Watch";
			dstSubfolderSpec = 16;
			files = (
				50BCEC3C284EC02100C85359 /* Mini06-watchOSApp WatchKit App.app in Embed Watch Content */,
			);
			name = "Embed Watch Content";
			runOnlyForDeploymentPostprocessing = 0;
		};
/* End PBXCopyFilesBuildPhase section */

/* Begin PBXFileReference section */
		364559F82861114A00368836 /* Persistence.swift */ = {isa = PBXFileReference; lastKnownFileType = sourcecode.swift; path = Persistence.swift; sourceTree = "<group>"; };
		364559FA286166E100368836 /* EnumError.swift */ = {isa = PBXFileReference; lastKnownFileType = sourcecode.swift; path = EnumError.swift; sourceTree = "<group>"; };
		500ADCCB2857EE3000E619CF /* FeelingModel.swift */ = {isa = PBXFileReference; lastKnownFileType = sourcecode.swift; path = FeelingModel.swift; sourceTree = "<group>"; };
		500ADCCE285807AF00E619CF /* EmotionalRowView.swift */ = {isa = PBXFileReference; lastKnownFileType = sourcecode.swift; path = EmotionalRowView.swift; sourceTree = "<group>"; };
		50188B6C2863A5180017AF2C /* EmptyHomeView.swift */ = {isa = PBXFileReference; lastKnownFileType = sourcecode.swift; path = EmptyHomeView.swift; sourceTree = "<group>"; };
		50350D012864F850003CD461 /* FoodQualityDataViewModel.swift */ = {isa = PBXFileReference; lastKnownFileType = sourcecode.swift; path = FoodQualityDataViewModel.swift; sourceTree = "<group>"; };
		50350D042864FDF3003CD461 /* FocusView.swift */ = {isa = PBXFileReference; lastKnownFileType = sourcecode.swift; path = FocusView.swift; sourceTree = "<group>"; };
		50350D06286526F7003CD461 /* HomeGridView.swift */ = {isa = PBXFileReference; lastKnownFileType = sourcecode.swift; path = HomeGridView.swift; sourceTree = "<group>"; };
		50350D1628664B27003CD461 /* HomePlaceholderView.swift */ = {isa = PBXFileReference; lastKnownFileType = sourcecode.swift; path = HomePlaceholderView.swift; sourceTree = "<group>"; };
		50350D1828664E2A003CD461 /* HomePlaceholderSegmentView.swift */ = {isa = PBXFileReference; lastKnownFileType = sourcecode.swift; path = HomePlaceholderSegmentView.swift; sourceTree = "<group>"; };
		504E2F56285A57250015F3D9 /* FoodAlertView.swift */ = {isa = PBXFileReference; lastKnownFileType = sourcecode.swift; path = FoodAlertView.swift; sourceTree = "<group>"; };
		504E2F58285A5A8A0015F3D9 /* FoodQualityDataView.swift */ = {isa = PBXFileReference; lastKnownFileType = sourcecode.swift; path = FoodQualityDataView.swift; sourceTree = "<group>"; };
		505F171B2862607D002D6BF5 /* OnboardingView.swift */ = {isa = PBXFileReference; lastKnownFileType = sourcecode.swift; path = OnboardingView.swift; sourceTree = "<group>"; };
		505F171D28626C92002D6BF5 /* OnboardingBarGraphicModel.swift */ = {isa = PBXFileReference; lastKnownFileType = sourcecode.swift; path = OnboardingBarGraphicModel.swift; sourceTree = "<group>"; };
		505F172028626CDE002D6BF5 /* HeaderOnboardingOne.swift */ = {isa = PBXFileReference; lastKnownFileType = sourcecode.swift; path = HeaderOnboardingOne.swift; sourceTree = "<group>"; };
		505F172228626D26002D6BF5 /* HeaderOnboardingTwo.swift */ = {isa = PBXFileReference; lastKnownFileType = sourcecode.swift; path = HeaderOnboardingTwo.swift; sourceTree = "<group>"; };
		505F172428626D96002D6BF5 /* HeaderOnboardingThree.swift */ = {isa = PBXFileReference; lastKnownFileType = sourcecode.swift; path = HeaderOnboardingThree.swift; sourceTree = "<group>"; };
		505F172728626EA8002D6BF5 /* OnboardingText.swift */ = {isa = PBXFileReference; lastKnownFileType = sourcecode.swift; path = OnboardingText.swift; sourceTree = "<group>"; };
		507BE867286A3D2400B0B46A /* DataAlimentationCollector.swift */ = {isa = PBXFileReference; fileEncoding = 4; lastKnownFileType = sourcecode.swift; path = DataAlimentationCollector.swift; sourceTree = "<group>"; };
		507BE868286A3D2400B0B46A /* DataEmotionalCollector.swift */ = {isa = PBXFileReference; fileEncoding = 4; lastKnownFileType = sourcecode.swift; path = DataEmotionalCollector.swift; sourceTree = "<group>"; };
		507BE869286A3D2400B0B46A /* UserDataInput.swift */ = {isa = PBXFileReference; fileEncoding = 4; lastKnownFileType = sourcecode.swift; path = UserDataInput.swift; sourceTree = "<group>"; };
		50957B0E285F5DC000C908BB /* RoundedSquareButton.swift */ = {isa = PBXFileReference; lastKnownFileType = sourcecode.swift; path = RoundedSquareButton.swift; sourceTree = "<group>"; };
		50957B12285F5E2F00C908BB /* FoodQualityRowView.swift */ = {isa = PBXFileReference; lastKnownFileType = sourcecode.swift; path = FoodQualityRowView.swift; sourceTree = "<group>"; };
		50957B14285F61C700C908BB /* FoodQualityDataModel.swift */ = {isa = PBXFileReference; lastKnownFileType = sourcecode.swift; path = FoodQualityDataModel.swift; sourceTree = "<group>"; };
		50957B18285F66B700C908BB /* EmotionIntensiveValueView.swift */ = {isa = PBXFileReference; lastKnownFileType = sourcecode.swift; path = EmotionIntensiveValueView.swift; sourceTree = "<group>"; };
		50957B1C285F6A6F00C908BB /* FoodQuantityStepper.swift */ = {isa = PBXFileReference; lastKnownFileType = sourcecode.swift; path = FoodQuantityStepper.swift; sourceTree = "<group>"; };
		50957B1E285F6C8400C908BB /* FoodQuantityStepperViewModel.swift */ = {isa = PBXFileReference; lastKnownFileType = sourcecode.swift; path = FoodQuantityStepperViewModel.swift; sourceTree = "<group>"; };
		509C889E28638D50004703D2 /* OnboardingFlowView.swift */ = {isa = PBXFileReference; lastKnownFileType = sourcecode.swift; path = OnboardingFlowView.swift; sourceTree = "<group>"; };
		509C88A02863A12D004703D2 /* UserDefaults+ManagingValues.swift */ = {isa = PBXFileReference; lastKnownFileType = sourcecode.swift; path = "UserDefaults+ManagingValues.swift"; sourceTree = "<group>"; };
		509C88A22863A158004703D2 /* UserDefaultsKeys.swift */ = {isa = PBXFileReference; lastKnownFileType = sourcecode.swift; path = UserDefaultsKeys.swift; sourceTree = "<group>"; };
		509C88A42863A201004703D2 /* PaginationIndicator.swift */ = {isa = PBXFileReference; lastKnownFileType = sourcecode.swift; path = PaginationIndicator.swift; sourceTree = "<group>"; };
		509E5D8F28515CFB00393673 /* HomeView.swift */ = {isa = PBXFileReference; lastKnownFileType = sourcecode.swift; path = HomeView.swift; sourceTree = "<group>"; };
		50A3DEFA28580A59007952F8 /* EmotionalIntensiveView.swift */ = {isa = PBXFileReference; lastKnownFileType = sourcecode.swift; path = EmotionalIntensiveView.swift; sourceTree = "<group>"; };
		50A3DEFD285920B3007952F8 /* View+CornerRadius.swift */ = {isa = PBXFileReference; lastKnownFileType = sourcecode.swift; path = "View+CornerRadius.swift"; sourceTree = "<group>"; };
		50A3DEFF28592116007952F8 /* QuantityIndicator.swift */ = {isa = PBXFileReference; lastKnownFileType = sourcecode.swift; path = QuantityIndicator.swift; sourceTree = "<group>"; };
		50BCEC37284EC02100C85359 /* Watch App.app */ = {isa = PBXFileReference; explicitFileType = wrapper.application; includeInIndex = 0; path = "Watch App.app"; sourceTree = BUILT_PRODUCTS_DIR; };
		50BCEC3B284EC02100C85359 /* Mini06-watchOSApp WatchKit App.app */ = {isa = PBXFileReference; explicitFileType = wrapper.application; includeInIndex = 0; path = "Mini06-watchOSApp WatchKit App.app"; sourceTree = BUILT_PRODUCTS_DIR; };
		50BCEC40284EC02200C85359 /* Assets.xcassets */ = {isa = PBXFileReference; lastKnownFileType = folder.assetcatalog; path = Assets.xcassets; sourceTree = "<group>"; };
		50BCEC46284EC02300C85359 /* Mini06-watchOSApp WatchKit Extension.appex */ = {isa = PBXFileReference; explicitFileType = "wrapper.app-extension"; includeInIndex = 0; path = "Mini06-watchOSApp WatchKit Extension.appex"; sourceTree = BUILT_PRODUCTS_DIR; };
		50BCEC4B284EC02300C85359 /* Mini06_watchOSAppApp.swift */ = {isa = PBXFileReference; lastKnownFileType = sourcecode.swift; path = Mini06_watchOSAppApp.swift; sourceTree = "<group>"; };
		50BCEC4D284EC02300C85359 /* ContainerView.swift */ = {isa = PBXFileReference; lastKnownFileType = sourcecode.swift; path = ContainerView.swift; sourceTree = "<group>"; };
		50BCEC4F284EC02300C85359 /* NotificationController.swift */ = {isa = PBXFileReference; lastKnownFileType = sourcecode.swift; path = NotificationController.swift; sourceTree = "<group>"; };
		50BCEC51284EC02300C85359 /* NotificationView.swift */ = {isa = PBXFileReference; lastKnownFileType = sourcecode.swift; path = NotificationView.swift; sourceTree = "<group>"; };
		50BCEC53284EC02300C85359 /* ComplicationController.swift */ = {isa = PBXFileReference; lastKnownFileType = sourcecode.swift; path = ComplicationController.swift; sourceTree = "<group>"; };
		50BCEC55284EC02300C85359 /* Assets.xcassets */ = {isa = PBXFileReference; lastKnownFileType = folder.assetcatalog; path = Assets.xcassets; sourceTree = "<group>"; };
		50BCEC5A284EC02300C85359 /* Info.plist */ = {isa = PBXFileReference; lastKnownFileType = text.plist.xml; path = Info.plist; sourceTree = "<group>"; };
		50BCEC5B284EC02300C85359 /* PushNotificationPayload.apns */ = {isa = PBXFileReference; lastKnownFileType = text; path = PushNotificationPayload.apns; sourceTree = "<group>"; };
		50DCF8922857B0320053887C /* DiaryView.swift */ = {isa = PBXFileReference; lastKnownFileType = sourcecode.swift; path = DiaryView.swift; sourceTree = "<group>"; };
		50DCF8962857B2130053887C /* CGFloat+ScreenMetrics.swift */ = {isa = PBXFileReference; lastKnownFileType = sourcecode.swift; path = "CGFloat+ScreenMetrics.swift"; sourceTree = "<group>"; };
		50DCF8982857BA340053887C /* View+AppColor.swift */ = {isa = PBXFileReference; lastKnownFileType = sourcecode.swift; path = "View+AppColor.swift"; sourceTree = "<group>"; };
		50DCF89C2857BA6F0053887C /* AppColors.swift */ = {isa = PBXFileReference; lastKnownFileType = sourcecode.swift; path = AppColors.swift; sourceTree = "<group>"; };
		50DCF89F2857BAD60053887C /* RoundedRectangleButton.swift */ = {isa = PBXFileReference; lastKnownFileType = sourcecode.swift; path = RoundedRectangleButton.swift; sourceTree = "<group>"; };
		50DCF8A42857CAAC0053887C /* EmotionalView.swift */ = {isa = PBXFileReference; lastKnownFileType = sourcecode.swift; path = EmotionalView.swift; sourceTree = "<group>"; };
		50F3D3F4285A7AF2007DE261 /* FoodQuantityDataView.swift */ = {isa = PBXFileReference; lastKnownFileType = sourcecode.swift; path = FoodQuantityDataView.swift; sourceTree = "<group>"; };
		50F3D3F6285A889F007DE261 /* DataCollectingFlowView.swift */ = {isa = PBXFileReference; lastKnownFileType = sourcecode.swift; path = DataCollectingFlowView.swift; sourceTree = "<group>"; };
		50FE6AED2851861B007F6073 /* HomeViewModel.swift */ = {isa = PBXFileReference; lastKnownFileType = sourcecode.swift; path = HomeViewModel.swift; sourceTree = "<group>"; };
		50FE6AF6285186C8007F6073 /* HomeSegmentView.swift */ = {isa = PBXFileReference; lastKnownFileType = sourcecode.swift; path = HomeSegmentView.swift; sourceTree = "<group>"; };
		50FE6AF9285186F7007F6073 /* LinearProgressiveView.swift */ = {isa = PBXFileReference; lastKnownFileType = sourcecode.swift; path = LinearProgressiveView.swift; sourceTree = "<group>"; };
		50FE6AFB28528D56007F6073 /* RoundedTriangle.swift */ = {isa = PBXFileReference; lastKnownFileType = sourcecode.swift; path = RoundedTriangle.swift; sourceTree = "<group>"; };
		50FE6AFD28528D95007F6073 /* CircularSegment.swift */ = {isa = PBXFileReference; lastKnownFileType = sourcecode.swift; path = CircularSegment.swift; sourceTree = "<group>"; };
		50FE6AFF28528DB2007F6073 /* DashedProgressView.swift */ = {isa = PBXFileReference; lastKnownFileType = sourcecode.swift; path = DashedProgressView.swift; sourceTree = "<group>"; };
		FBBAED452860F0DD00CFD86E /* CoreData.xcdatamodel */ = {isa = PBXFileReference; lastKnownFileType = wrapper.xcdatamodel; path = CoreData.xcdatamodel; sourceTree = "<group>"; };
		FBBAED482860F5FD00CFD86E /* Mini06-watchOSApp WatchKit App-Bridging-Header.h */ = {isa = PBXFileReference; lastKnownFileType = sourcecode.c.h; path = "Mini06-watchOSApp WatchKit App-Bridging-Header.h"; sourceTree = "<group>"; };
		FBBAED492860F5FD00CFD86E /* Emotional+CoreDataClass.swift */ = {isa = PBXFileReference; lastKnownFileType = sourcecode.swift; path = "Emotional+CoreDataClass.swift"; sourceTree = "<group>"; };
		FBBAED4A2860F5FD00CFD86E /* Emotional+CoreDataProperties.swift */ = {isa = PBXFileReference; lastKnownFileType = sourcecode.swift; path = "Emotional+CoreDataProperties.swift"; sourceTree = "<group>"; };
		FBBAED4B2860F5FD00CFD86E /* Alimentation+CoreDataClass.swift */ = {isa = PBXFileReference; lastKnownFileType = sourcecode.swift; path = "Alimentation+CoreDataClass.swift"; sourceTree = "<group>"; };
		FBBAED4C2860F5FD00CFD86E /* Alimentation+CoreDataProperties.swift */ = {isa = PBXFileReference; lastKnownFileType = sourcecode.swift; path = "Alimentation+CoreDataProperties.swift"; sourceTree = "<group>"; };
		FBBAED4D2860F5FD00CFD86E /* Bpm+CoreDataClass.swift */ = {isa = PBXFileReference; lastKnownFileType = sourcecode.swift; path = "Bpm+CoreDataClass.swift"; sourceTree = "<group>"; };
		FBBAED4E2860F5FD00CFD86E /* Bpm+CoreDataProperties.swift */ = {isa = PBXFileReference; lastKnownFileType = sourcecode.swift; path = "Bpm+CoreDataProperties.swift"; sourceTree = "<group>"; };
		FBBAED4F2860F5FD00CFD86E /* Sleep+CoreDataClass.swift */ = {isa = PBXFileReference; lastKnownFileType = sourcecode.swift; path = "Sleep+CoreDataClass.swift"; sourceTree = "<group>"; };
		FBBAED502860F5FD00CFD86E /* Sleep+CoreDataProperties.swift */ = {isa = PBXFileReference; lastKnownFileType = sourcecode.swift; path = "Sleep+CoreDataProperties.swift"; sourceTree = "<group>"; };
		FBBAED512860F5FD00CFD86E /* Meal+CoreDataClass.swift */ = {isa = PBXFileReference; lastKnownFileType = sourcecode.swift; path = "Meal+CoreDataClass.swift"; sourceTree = "<group>"; };
		FBBAED522860F5FD00CFD86E /* Meal+CoreDataProperties.swift */ = {isa = PBXFileReference; lastKnownFileType = sourcecode.swift; path = "Meal+CoreDataProperties.swift"; sourceTree = "<group>"; };
		FBBAED532860F5FD00CFD86E /* AlimentationCategory+CoreDataClass.swift */ = {isa = PBXFileReference; lastKnownFileType = sourcecode.swift; path = "AlimentationCategory+CoreDataClass.swift"; sourceTree = "<group>"; };
		FBBAED542860F5FD00CFD86E /* AlimentationCategory+CoreDataProperties.swift */ = {isa = PBXFileReference; lastKnownFileType = sourcecode.swift; path = "AlimentationCategory+CoreDataProperties.swift"; sourceTree = "<group>"; };
		FBBAED552860F5FD00CFD86E /* EmojiCategory+CoreDataClass.swift */ = {isa = PBXFileReference; lastKnownFileType = sourcecode.swift; path = "EmojiCategory+CoreDataClass.swift"; sourceTree = "<group>"; };
		FBBAED562860F5FD00CFD86E /* EmojiCategory+CoreDataProperties.swift */ = {isa = PBXFileReference; lastKnownFileType = sourcecode.swift; path = "EmojiCategory+CoreDataProperties.swift"; sourceTree = "<group>"; };
		FBBAED572860F5FD00CFD86E /* Exercice+CoreDataClass.swift */ = {isa = PBXFileReference; lastKnownFileType = sourcecode.swift; path = "Exercice+CoreDataClass.swift"; sourceTree = "<group>"; };
		FBBAED582860F5FD00CFD86E /* Exercice+CoreDataProperties.swift */ = {isa = PBXFileReference; lastKnownFileType = sourcecode.swift; path = "Exercice+CoreDataProperties.swift"; sourceTree = "<group>"; };
		FBBAED592860F5FD00CFD86E /* DailyGeneral+CoreDataClass.swift */ = {isa = PBXFileReference; lastKnownFileType = sourcecode.swift; path = "DailyGeneral+CoreDataClass.swift"; sourceTree = "<group>"; };
		FBBAED5A2860F5FD00CFD86E /* DailyGeneral+CoreDataProperties.swift */ = {isa = PBXFileReference; lastKnownFileType = sourcecode.swift; path = "DailyGeneral+CoreDataProperties.swift"; sourceTree = "<group>"; };
		FBBAED7828639C6A00CFD86E /* EmotionalIntensiveViewModel.swift */ = {isa = PBXFileReference; fileEncoding = 4; lastKnownFileType = sourcecode.swift; path = EmotionalIntensiveViewModel.swift; sourceTree = "<group>"; };
		FBBAED7E2863B3AF00CFD86E /* FoodQuantityDataViewModel.swift */ = {isa = PBXFileReference; lastKnownFileType = sourcecode.swift; path = FoodQuantityDataViewModel.swift; sourceTree = "<group>"; };
		FBBAED892866298D00CFD86E /* Mini06-watchOSApp WatchKit Extension.entitlements */ = {isa = PBXFileReference; lastKnownFileType = text.plist.entitlements; path = "Mini06-watchOSApp WatchKit Extension.entitlements"; sourceTree = "<group>"; };
		FBBAED8B2866298D00CFD86E /* HealthKit.framework */ = {isa = PBXFileReference; lastKnownFileType = wrapper.framework; name = HealthKit.framework; path = Platforms/WatchOS.platform/Developer/SDKs/WatchOS8.5.sdk/System/Library/Frameworks/HealthKit.framework; sourceTree = DEVELOPER_DIR; };
		FBBAED8E28662B2100CFD86E /* PermissionView.swift */ = {isa = PBXFileReference; lastKnownFileType = sourcecode.swift; path = PermissionView.swift; sourceTree = "<group>"; };
		FBBAED9128662D4700CFD86E /* PermissionButtonView.swift */ = {isa = PBXFileReference; lastKnownFileType = sourcecode.swift; path = PermissionButtonView.swift; sourceTree = "<group>"; };
		FBBAED932866367500CFD86E /* HealthKitFunctions.swift */ = {isa = PBXFileReference; lastKnownFileType = sourcecode.swift; path = HealthKitFunctions.swift; sourceTree = "<group>"; };
		FBBAED962866415600CFD86E /* WarningView.swift */ = {isa = PBXFileReference; lastKnownFileType = sourcecode.swift; path = WarningView.swift; sourceTree = "<group>"; };
		FBBAEDD628690D7100CFD86E /* PermissionFlowView.swift */ = {isa = PBXFileReference; lastKnownFileType = sourcecode.swift; path = PermissionFlowView.swift; sourceTree = "<group>"; };
/* End PBXFileReference section */

/* Begin PBXFrameworksBuildPhase section */
		50BCEC43284EC02300C85359 /* Frameworks */ = {
			isa = PBXFrameworksBuildPhase;
			buildActionMask = 2147483647;
			files = (
				FBBAED8C2866298D00CFD86E /* HealthKit.framework in Frameworks */,
			);
			runOnlyForDeploymentPostprocessing = 0;
		};
/* End PBXFrameworksBuildPhase section */

/* Begin PBXGroup section */
		500ADCCA2857EE1C00E619CF /* Model */ = {
			isa = PBXGroup;
			children = (
				FBBAED932866367500CFD86E /* HealthKitFunctions.swift */,
				FBBAED432860F0B100CFD86E /* CoreData */,
				500ADCCB2857EE3000E619CF /* FeelingModel.swift */,
				50957B14285F61C700C908BB /* FoodQualityDataModel.swift */,
				FBBAED882865FEDB00CFD86E /* DataCollectors */,
				505F171D28626C92002D6BF5 /* OnboardingBarGraphicModel.swift */,
			);
			path = Model;
			sourceTree = "<group>";
		};
		500ADCCD2858078F00E619CF /* Components */ = {
			isa = PBXGroup;
			children = (
				500ADCCE285807AF00E619CF /* EmotionalRowView.swift */,
				50957B18285F66B700C908BB /* EmotionIntensiveValueView.swift */,
			);
			path = Components;
			sourceTree = "<group>";
		};
		50350D032864FDE5003CD461 /* Focus */ = {
			isa = PBXGroup;
			children = (
				50350D042864FDF3003CD461 /* FocusView.swift */,
			);
			path = Focus;
			sourceTree = "<group>";
		};
		504E2F55285A57060015F3D9 /* Food */ = {
			isa = PBXGroup;
			children = (
				50957B11285F5E1700C908BB /* Quantity */,
				50957B10285F5E1000C908BB /* Quality */,
				504E2F56285A57250015F3D9 /* FoodAlertView.swift */,
			);
			path = Food;
			sourceTree = "<group>";
		};
		505F171A2862605F002D6BF5 /* Onboarding */ = {
			isa = PBXGroup;
			children = (
				505F171F28626CC0002D6BF5 /* Components */,
				505F171B2862607D002D6BF5 /* OnboardingView.swift */,
				509C889E28638D50004703D2 /* OnboardingFlowView.swift */,
			);
			path = Onboarding;
			sourceTree = "<group>";
		};
		505F171F28626CC0002D6BF5 /* Components */ = {
			isa = PBXGroup;
			children = (
				509C88A42863A201004703D2 /* PaginationIndicator.swift */,
				505F172028626CDE002D6BF5 /* HeaderOnboardingOne.swift */,
				505F172228626D26002D6BF5 /* HeaderOnboardingTwo.swift */,
				505F172428626D96002D6BF5 /* HeaderOnboardingThree.swift */,
			);
			path = Components;
			sourceTree = "<group>";
		};
		50957B10285F5E1000C908BB /* Quality */ = {
			isa = PBXGroup;
			children = (
				504E2F58285A5A8A0015F3D9 /* FoodQualityDataView.swift */,
				50957B12285F5E2F00C908BB /* FoodQualityRowView.swift */,
				50350D012864F850003CD461 /* FoodQualityDataViewModel.swift */,
			);
			path = Quality;
			sourceTree = "<group>";
		};
		50957B11285F5E1700C908BB /* Quantity */ = {
			isa = PBXGroup;
			children = (
				50F3D3F4285A7AF2007DE261 /* FoodQuantityDataView.swift */,
				50957B1C285F6A6F00C908BB /* FoodQuantityStepper.swift */,
				50957B1E285F6C8400C908BB /* FoodQuantityStepperViewModel.swift */,
				FBBAED7E2863B3AF00CFD86E /* FoodQuantityDataViewModel.swift */,
			);
			path = Quantity;
			sourceTree = "<group>";
		};
		509E5D8728511B4C00393673 /* App */ = {
			isa = PBXGroup;
			children = (
				509E5D8B28511BD600393673 /* View */,
				50BCEC4B284EC02300C85359 /* Mini06_watchOSAppApp.swift */,
			);
			path = App;
			sourceTree = "<group>";
		};
		509E5D8828511B5400393673 /* Notification */ = {
			isa = PBXGroup;
			children = (
				50BCEC5B284EC02300C85359 /* PushNotificationPayload.apns */,
				50BCEC4F284EC02300C85359 /* NotificationController.swift */,
				50BCEC51284EC02300C85359 /* NotificationView.swift */,
			);
			path = Notification;
			sourceTree = "<group>";
		};
		509E5D8928511B7B00393673 /* Complication */ = {
			isa = PBXGroup;
			children = (
				50BCEC55284EC02300C85359 /* Assets.xcassets */,
				50BCEC53284EC02300C85359 /* ComplicationController.swift */,
			);
			path = Complication;
			sourceTree = "<group>";
		};
		509E5D8B28511BD600393673 /* View */ = {
			isa = PBXGroup;
			children = (
				50FE6AF8285186DC007F6073 /* Shared */,
				50FE6AEF2851863D007F6073 /* Screens */,
			);
			path = View;
			sourceTree = "<group>";
		};
		509E5D8C28511BE000393673 /* Container */ = {
			isa = PBXGroup;
			children = (
				50BCEC4D284EC02300C85359 /* ContainerView.swift */,
				50F3D3F6285A889F007DE261 /* DataCollectingFlowView.swift */,
			);
			path = Container;
			sourceTree = "<group>";
		};
		509E5D8D28511C9700393673 /* Resources */ = {
			isa = PBXGroup;
			children = (
				50BCEC40284EC02200C85359 /* Assets.xcassets */,
			);
			path = Resources;
			sourceTree = "<group>";
		};
		509E5D8E28515CCC00393673 /* Home */ = {
			isa = PBXGroup;
			children = (
				50FE6AF228518685007F6073 /* Components */,
				509E5D8F28515CFB00393673 /* HomeView.swift */,
				50FE6AED2851861B007F6073 /* HomeViewModel.swift */,
				50188B6C2863A5180017AF2C /* EmptyHomeView.swift */,
			);
			path = Home;
			sourceTree = "<group>";
		};
		50BCEC30284EC02100C85359 = {
			isa = PBXGroup;
			children = (
				50BCEC3F284EC02100C85359 /* Mini06-watchOSApp WatchKit App */,
				50BCEC4A284EC02300C85359 /* Mini06-watchOSApp WatchKit Extension */,
				50BCEC38284EC02100C85359 /* Products */,
				FBBAED482860F5FD00CFD86E /* Mini06-watchOSApp WatchKit App-Bridging-Header.h */,
				FBBAED8A2866298D00CFD86E /* Frameworks */,
			);
			sourceTree = "<group>";
		};
		50BCEC38284EC02100C85359 /* Products */ = {
			isa = PBXGroup;
			children = (
				50BCEC37284EC02100C85359 /* Watch App.app */,
				50BCEC3B284EC02100C85359 /* Mini06-watchOSApp WatchKit App.app */,
				50BCEC46284EC02300C85359 /* Mini06-watchOSApp WatchKit Extension.appex */,
			);
			name = Products;
			sourceTree = "<group>";
		};
		50BCEC3F284EC02100C85359 /* Mini06-watchOSApp WatchKit App */ = {
			isa = PBXGroup;
			children = (
				500ADCCA2857EE1C00E619CF /* Model */,
				509E5D8D28511C9700393673 /* Resources */,
				50DCF8942857B1EC0053887C /* Common */,
			);
			path = "Mini06-watchOSApp WatchKit App";
			sourceTree = "<group>";
		};
		50BCEC4A284EC02300C85359 /* Mini06-watchOSApp WatchKit Extension */ = {
			isa = PBXGroup;
			children = (
				FBBAED892866298D00CFD86E /* Mini06-watchOSApp WatchKit Extension.entitlements */,
				509E5D8928511B7B00393673 /* Complication */,
				509E5D8828511B5400393673 /* Notification */,
				509E5D8728511B4C00393673 /* App */,
				50BCEC5A284EC02300C85359 /* Info.plist */,
			);
			path = "Mini06-watchOSApp WatchKit Extension";
			sourceTree = "<group>";
		};
		50DCF8912857B0250053887C /* Diary */ = {
			isa = PBXGroup;
			children = (
				50DCF89E2857BAC10053887C /* Components */,
				50DCF8922857B0320053887C /* DiaryView.swift */,
			);
			path = Diary;
			sourceTree = "<group>";
		};
		50DCF8942857B1EC0053887C /* Common */ = {
			isa = PBXGroup;
			children = (
				50DCF89A2857BA410053887C /* Defaults */,
				50DCF8952857B1F50053887C /* Extensions */,
			);
			path = Common;
			sourceTree = "<group>";
		};
		50DCF8952857B1F50053887C /* Extensions */ = {
			isa = PBXGroup;
			children = (
				50DCF8962857B2130053887C /* CGFloat+ScreenMetrics.swift */,
				50DCF8982857BA340053887C /* View+AppColor.swift */,
				50A3DEFD285920B3007952F8 /* View+CornerRadius.swift */,
				509C88A02863A12D004703D2 /* UserDefaults+ManagingValues.swift */,
			);
			path = Extensions;
			sourceTree = "<group>";
		};
		50DCF89A2857BA410053887C /* Defaults */ = {
			isa = PBXGroup;
			children = (
				50DCF89C2857BA6F0053887C /* AppColors.swift */,
				50A3DEFF28592116007952F8 /* QuantityIndicator.swift */,
				505F172728626EA8002D6BF5 /* OnboardingText.swift */,
				509C88A22863A158004703D2 /* UserDefaultsKeys.swift */,
			);
			path = Defaults;
			sourceTree = "<group>";
		};
		50DCF89E2857BAC10053887C /* Components */ = {
			isa = PBXGroup;
			children = (
				50DCF89F2857BAD60053887C /* RoundedRectangleButton.swift */,
			);
			path = Components;
			sourceTree = "<group>";
		};
		50DCF8A32857CA9D0053887C /* Emotional */ = {
			isa = PBXGroup;
			children = (
				500ADCCD2858078F00E619CF /* Components */,
				50DCF8A42857CAAC0053887C /* EmotionalView.swift */,
				50A3DEFA28580A59007952F8 /* EmotionalIntensiveView.swift */,
				FBBAED7828639C6A00CFD86E /* EmotionalIntensiveViewModel.swift */,
			);
			path = Emotional;
			sourceTree = "<group>";
		};
		50FE6AEF2851863D007F6073 /* Screens */ = {
			isa = PBXGroup;
			children = (
				FBBAED8D28662B0700CFD86E /* Permission */,
				50350D032864FDE5003CD461 /* Focus */,
				505F171A2862605F002D6BF5 /* Onboarding */,
				504E2F55285A57060015F3D9 /* Food */,
				50DCF8A32857CA9D0053887C /* Emotional */,
				50DCF8912857B0250053887C /* Diary */,
				509E5D8E28515CCC00393673 /* Home */,
				509E5D8C28511BE000393673 /* Container */,
			);
			path = Screens;
			sourceTree = "<group>";
		};
		50FE6AF228518685007F6073 /* Components */ = {
			isa = PBXGroup;
			children = (
				50FE6AF6285186C8007F6073 /* HomeSegmentView.swift */,
				50350D06286526F7003CD461 /* HomeGridView.swift */,
				50350D1628664B27003CD461 /* HomePlaceholderView.swift */,
				50350D1828664E2A003CD461 /* HomePlaceholderSegmentView.swift */,
			);
			path = Components;
			sourceTree = "<group>";
		};
		50FE6AF8285186DC007F6073 /* Shared */ = {
			isa = PBXGroup;
			children = (
				50FE6AF9285186F7007F6073 /* LinearProgressiveView.swift */,
				50FE6AFB28528D56007F6073 /* RoundedTriangle.swift */,
				50FE6AFD28528D95007F6073 /* CircularSegment.swift */,
				50FE6AFF28528DB2007F6073 /* DashedProgressView.swift */,
				50957B0E285F5DC000C908BB /* RoundedSquareButton.swift */,
			);
			path = Shared;
			sourceTree = "<group>";
		};
		FBBAED432860F0B100CFD86E /* CoreData */ = {
			isa = PBXGroup;
			children = (
				364559FA286166E100368836 /* EnumError.swift */,
				364559F82861114A00368836 /* Persistence.swift */,
				FBBAED442860F0DD00CFD86E /* CoreData.xcdatamodeld */,
				FBBAED472860F1C400CFD86E /* Models */,
			);
			name = CoreData;
			path = ../CoreData;
			sourceTree = "<group>";
		};
		FBBAED472860F1C400CFD86E /* Models */ = {
			isa = PBXGroup;
			children = (
				FBBAED712860F6C500CFD86E /* DailyGeneral */,
				FBBAED702860F6B000CFD86E /* Food */,
				FBBAED6F2860F68E00CFD86E /* Exercice */,
				FBBAED6E2860F66F00CFD86E /* Sleep */,
				FBBAED6D2860F64600CFD86E /* Emotional */,
			);
			path = Models;
			sourceTree = "<group>";
		};
		FBBAED6D2860F64600CFD86E /* Emotional */ = {
			isa = PBXGroup;
			children = (
				FBBAED492860F5FD00CFD86E /* Emotional+CoreDataClass.swift */,
				FBBAED4A2860F5FD00CFD86E /* Emotional+CoreDataProperties.swift */,
				FBBAED552860F5FD00CFD86E /* EmojiCategory+CoreDataClass.swift */,
				FBBAED562860F5FD00CFD86E /* EmojiCategory+CoreDataProperties.swift */,
			);
			path = Emotional;
			sourceTree = "<group>";
		};
		FBBAED6E2860F66F00CFD86E /* Sleep */ = {
			isa = PBXGroup;
			children = (
				FBBAED4F2860F5FD00CFD86E /* Sleep+CoreDataClass.swift */,
				FBBAED502860F5FD00CFD86E /* Sleep+CoreDataProperties.swift */,
			);
			path = Sleep;
			sourceTree = "<group>";
		};
		FBBAED6F2860F68E00CFD86E /* Exercice */ = {
			isa = PBXGroup;
			children = (
				FBBAED4D2860F5FD00CFD86E /* Bpm+CoreDataClass.swift */,
				FBBAED4E2860F5FD00CFD86E /* Bpm+CoreDataProperties.swift */,
				FBBAED572860F5FD00CFD86E /* Exercice+CoreDataClass.swift */,
				FBBAED582860F5FD00CFD86E /* Exercice+CoreDataProperties.swift */,
			);
			path = Exercice;
			sourceTree = "<group>";
		};
		FBBAED702860F6B000CFD86E /* Food */ = {
			isa = PBXGroup;
			children = (
				FBBAED4B2860F5FD00CFD86E /* Alimentation+CoreDataClass.swift */,
				FBBAED4C2860F5FD00CFD86E /* Alimentation+CoreDataProperties.swift */,
				FBBAED512860F5FD00CFD86E /* Meal+CoreDataClass.swift */,
				FBBAED522860F5FD00CFD86E /* Meal+CoreDataProperties.swift */,
				FBBAED532860F5FD00CFD86E /* AlimentationCategory+CoreDataClass.swift */,
				FBBAED542860F5FD00CFD86E /* AlimentationCategory+CoreDataProperties.swift */,
			);
			path = Food;
			sourceTree = "<group>";
		};
		FBBAED712860F6C500CFD86E /* DailyGeneral */ = {
			isa = PBXGroup;
			children = (
				FBBAED592860F5FD00CFD86E /* DailyGeneral+CoreDataClass.swift */,
				FBBAED5A2860F5FD00CFD86E /* DailyGeneral+CoreDataProperties.swift */,
				36455A0D2868DCDA00368836 /* DataDailyGeneralCollector.swift */,
			);
			path = DailyGeneral;
			sourceTree = "<group>";
		};
		FBBAED882865FEDB00CFD86E /* DataCollectors */ = {
			isa = PBXGroup;
			children = (
				507BE867286A3D2400B0B46A /* DataAlimentationCollector.swift */,
				507BE868286A3D2400B0B46A /* DataEmotionalCollector.swift */,
				507BE869286A3D2400B0B46A /* UserDataInput.swift */,
			);
			path = DataCollectors;
			sourceTree = "<group>";
		};
		FBBAED8A2866298D00CFD86E /* Frameworks */ = {
			isa = PBXGroup;
			children = (
				FBBAED8B2866298D00CFD86E /* HealthKit.framework */,
			);
			name = Frameworks;
			sourceTree = "<group>";
		};
		FBBAED8D28662B0700CFD86E /* Permission */ = {
			isa = PBXGroup;
			children = (
				FBBAED9028662CCD00CFD86E /* Components */,
				FBBAED8E28662B2100CFD86E /* PermissionView.swift */,
				FBBAED962866415600CFD86E /* WarningView.swift */,
				FBBAEDD628690D7100CFD86E /* PermissionFlowView.swift */,
			);
			path = Permission;
			sourceTree = "<group>";
		};
		FBBAED9028662CCD00CFD86E /* Components */ = {
			isa = PBXGroup;
			children = (
				FBBAED9128662D4700CFD86E /* PermissionButtonView.swift */,
			);
			path = Components;
			sourceTree = "<group>";
		};
/* End PBXGroup section */

/* Begin PBXNativeTarget section */
		50BCEC36284EC02100C85359 /* Mini06-watchOSApp */ = {
			isa = PBXNativeTarget;
			buildConfigurationList = 50BCEC66284EC02300C85359 /* Build configuration list for PBXNativeTarget "Mini06-watchOSApp" */;
			buildPhases = (
				50BCEC35284EC02100C85359 /* Resources */,
				50BCEC65284EC02300C85359 /* Embed Watch Content */,
			);
			buildRules = (
			);
			dependencies = (
				50BCEC3E284EC02100C85359 /* PBXTargetDependency */,
			);
			name = "Mini06-watchOSApp";
			productName = "Mini06-watchOSApp";
			productReference = 50BCEC37284EC02100C85359 /* Watch App.app */;
			productType = "com.apple.product-type.application.watchapp2-container";
		};
		50BCEC3A284EC02100C85359 /* Mini06-watchOSApp WatchKit App */ = {
			isa = PBXNativeTarget;
			buildConfigurationList = 50BCEC62284EC02300C85359 /* Build configuration list for PBXNativeTarget "Mini06-watchOSApp WatchKit App" */;
			buildPhases = (
				50BCEC39284EC02100C85359 /* Resources */,
				50BCEC61284EC02300C85359 /* Embed App Extensions */,
			);
			buildRules = (
			);
			dependencies = (
				50BCEC49284EC02300C85359 /* PBXTargetDependency */,
			);
			name = "Mini06-watchOSApp WatchKit App";
			productName = "Mini06-watchOSApp WatchKit App";
			productReference = 50BCEC3B284EC02100C85359 /* Mini06-watchOSApp WatchKit App.app */;
			productType = "com.apple.product-type.application.watchapp2";
		};
		50BCEC45284EC02300C85359 /* Mini06-watchOSApp WatchKit Extension */ = {
			isa = PBXNativeTarget;
			buildConfigurationList = 50BCEC5E284EC02300C85359 /* Build configuration list for PBXNativeTarget "Mini06-watchOSApp WatchKit Extension" */;
			buildPhases = (
				50BCEC42284EC02300C85359 /* Sources */,
				50BCEC43284EC02300C85359 /* Frameworks */,
				50BCEC44284EC02300C85359 /* Resources */,
			);
			buildRules = (
			);
			dependencies = (
			);
			name = "Mini06-watchOSApp WatchKit Extension";
			productName = "Mini06-watchOSApp WatchKit Extension";
			productReference = 50BCEC46284EC02300C85359 /* Mini06-watchOSApp WatchKit Extension.appex */;
			productType = "com.apple.product-type.watchkit2-extension";
		};
/* End PBXNativeTarget section */

/* Begin PBXProject section */
		50BCEC31284EC02100C85359 /* Project object */ = {
			isa = PBXProject;
			attributes = {
				BuildIndependentTargetsInParallel = 1;
				LastSwiftUpdateCheck = 1340;
				LastUpgradeCheck = 1340;
				TargetAttributes = {
					50BCEC36284EC02100C85359 = {
						CreatedOnToolsVersion = 13.4.1;
					};
					50BCEC3A284EC02100C85359 = {
						CreatedOnToolsVersion = 13.4.1;
						LastSwiftMigration = 1340;
					};
					50BCEC45284EC02300C85359 = {
						CreatedOnToolsVersion = 13.4.1;
					};
				};
			};
			buildConfigurationList = 50BCEC34284EC02100C85359 /* Build configuration list for PBXProject "Mini06-watchOSApp" */;
			compatibilityVersion = "Xcode 13.0";
			developmentRegion = en;
			hasScannedForEncodings = 0;
			knownRegions = (
				en,
				Base,
			);
			mainGroup = 50BCEC30284EC02100C85359;
			productRefGroup = 50BCEC38284EC02100C85359 /* Products */;
			projectDirPath = "";
			projectRoot = "";
			targets = (
				50BCEC36284EC02100C85359 /* Mini06-watchOSApp */,
				50BCEC3A284EC02100C85359 /* Mini06-watchOSApp WatchKit App */,
				50BCEC45284EC02300C85359 /* Mini06-watchOSApp WatchKit Extension */,
			);
		};
/* End PBXProject section */

/* Begin PBXResourcesBuildPhase section */
		50BCEC35284EC02100C85359 /* Resources */ = {
			isa = PBXResourcesBuildPhase;
			buildActionMask = 2147483647;
			files = (
			);
			runOnlyForDeploymentPostprocessing = 0;
		};
		50BCEC39284EC02100C85359 /* Resources */ = {
			isa = PBXResourcesBuildPhase;
			buildActionMask = 2147483647;
			files = (
				50BCEC41284EC02200C85359 /* Assets.xcassets in Resources */,
			);
			runOnlyForDeploymentPostprocessing = 0;
		};
		50BCEC44284EC02300C85359 /* Resources */ = {
			isa = PBXResourcesBuildPhase;
			buildActionMask = 2147483647;
			files = (
				500ADCC92857ECAF00E619CF /* Assets.xcassets in Resources */,
				50BCEC56284EC02300C85359 /* Assets.xcassets in Resources */,
			);
			runOnlyForDeploymentPostprocessing = 0;
		};
/* End PBXResourcesBuildPhase section */

/* Begin PBXSourcesBuildPhase section */
		50BCEC42284EC02300C85359 /* Sources */ = {
			isa = PBXSourcesBuildPhase;
			buildActionMask = 2147483647;
			files = (
				50FE6AFE28528D95007F6073 /* CircularSegment.swift in Sources */,
				FBBAEDD728690D7200CFD86E /* PermissionFlowView.swift in Sources */,
				50A3DEFB28580A59007952F8 /* EmotionalIntensiveView.swift in Sources */,
				509C88A32863A159004703D2 /* UserDefaultsKeys.swift in Sources */,
				FBBAED612860F5FD00CFD86E /* Sleep+CoreDataClass.swift in Sources */,
				FBBAED972866415600CFD86E /* WarningView.swift in Sources */,
				50350D022864F850003CD461 /* FoodQualityDataViewModel.swift in Sources */,
				50FE6B0028528DB2007F6073 /* DashedProgressView.swift in Sources */,
				50DCF8A52857CAAC0053887C /* EmotionalView.swift in Sources */,
				50FE6AF7285186C9007F6073 /* HomeSegmentView.swift in Sources */,
				FBBAED942866367500CFD86E /* HealthKitFunctions.swift in Sources */,
				50BCEC50284EC02300C85359 /* NotificationController.swift in Sources */,
				50DCF8A02857BAD60053887C /* RoundedRectangleButton.swift in Sources */,
				FBBAED5D2860F5FD00CFD86E /* Alimentation+CoreDataClass.swift in Sources */,
				50350D1728664B27003CD461 /* HomePlaceholderView.swift in Sources */,
				FBBAED622860F5FD00CFD86E /* Sleep+CoreDataProperties.swift in Sources */,
				50A3DEFE285920B3007952F8 /* View+CornerRadius.swift in Sources */,
				507BE86C286A3FE500B0B46A /* DataEmotionalCollector.swift in Sources */,
				505F172828626EA8002D6BF5 /* OnboardingText.swift in Sources */,
				50DCF8992857BA340053887C /* View+AppColor.swift in Sources */,
				FBBAED692860F5FD00CFD86E /* Exercice+CoreDataClass.swift in Sources */,
				FBBAED9228662D4700CFD86E /* PermissionButtonView.swift in Sources */,
				50DCF8972857B2130053887C /* CGFloat+ScreenMetrics.swift in Sources */,
				50350D07286526F7003CD461 /* HomeGridView.swift in Sources */,
				509C889F28638D50004703D2 /* OnboardingFlowView.swift in Sources */,
				FBBAED6C2860F5FD00CFD86E /* DailyGeneral+CoreDataProperties.swift in Sources */,
				50350D1928664E2A003CD461 /* HomePlaceholderSegmentView.swift in Sources */,
				50957B1F285F6C8400C908BB /* FoodQuantityStepperViewModel.swift in Sources */,
				50BCEC4E284EC02300C85359 /* ContainerView.swift in Sources */,
				FBBAED602860F5FD00CFD86E /* Bpm+CoreDataProperties.swift in Sources */,
				509C88A52863A201004703D2 /* PaginationIndicator.swift in Sources */,
				50FE6AFA285186F7007F6073 /* LinearProgressiveView.swift in Sources */,
				500ADCCF285807AF00E619CF /* EmotionalRowView.swift in Sources */,
				50FE6AEE2851861B007F6073 /* HomeViewModel.swift in Sources */,
				FBBAED5E2860F5FD00CFD86E /* Alimentation+CoreDataProperties.swift in Sources */,
				50A3DF0028592116007952F8 /* QuantityIndicator.swift in Sources */,
				50DCF8932857B0320053887C /* DiaryView.swift in Sources */,
				364559FB286166E100368836 /* EnumError.swift in Sources */,
				FBBAED652860F5FD00CFD86E /* AlimentationCategory+CoreDataClass.swift in Sources */,
				50350D052864FDF3003CD461 /* FocusView.swift in Sources */,
				50957B15285F61C700C908BB /* FoodQualityDataModel.swift in Sources */,
				50957B0F285F5DC000C908BB /* RoundedSquareButton.swift in Sources */,
				FBBAED462860F0DD00CFD86E /* CoreData.xcdatamodeld in Sources */,
				FBBAED7F2863B3AF00CFD86E /* FoodQuantityDataViewModel.swift in Sources */,
				50BCEC54284EC02300C85359 /* ComplicationController.swift in Sources */,
				509E5D9028515CFB00393673 /* HomeView.swift in Sources */,
				50BCEC4C284EC02300C85359 /* Mini06_watchOSAppApp.swift in Sources */,
				FBBAED8F28662B2100CFD86E /* PermissionView.swift in Sources */,
				507BE86D286A3FE700B0B46A /* DataAlimentationCollector.swift in Sources */,
				50957B19285F66B700C908BB /* EmotionIntensiveValueView.swift in Sources */,
				505F172328626D26002D6BF5 /* HeaderOnboardingTwo.swift in Sources */,
				504E2F59285A5A8A0015F3D9 /* FoodQualityDataView.swift in Sources */,
				FBBAED682860F5FD00CFD86E /* EmojiCategory+CoreDataProperties.swift in Sources */,
				50957B13285F5E2F00C908BB /* FoodQualityRowView.swift in Sources */,
				50F3D3F7285A889F007DE261 /* DataCollectingFlowView.swift in Sources */,
				50DCF89D2857BA6F0053887C /* AppColors.swift in Sources */,
				FBBAED6B2860F5FD00CFD86E /* DailyGeneral+CoreDataClass.swift in Sources */,
				507BE86B286A3FDA00B0B46A /* UserDataInput.swift in Sources */,
				FBBAED7928639C6A00CFD86E /* EmotionalIntensiveViewModel.swift in Sources */,
				FBBAED6A2860F5FD00CFD86E /* Exercice+CoreDataProperties.swift in Sources */,
				505F172528626D96002D6BF5 /* HeaderOnboardingThree.swift in Sources */,
				500ADCCC2857EE3000E619CF /* FeelingModel.swift in Sources */,
				FBBAED672860F5FD00CFD86E /* EmojiCategory+CoreDataClass.swift in Sources */,
				FBBAED5F2860F5FD00CFD86E /* Bpm+CoreDataClass.swift in Sources */,
				509C88A12863A12D004703D2 /* UserDefaults+ManagingValues.swift in Sources */,
				505F172128626CDE002D6BF5 /* HeaderOnboardingOne.swift in Sources */,
				FBBAED642860F5FD00CFD86E /* Meal+CoreDataProperties.swift in Sources */,
				505F171E28626C93002D6BF5 /* OnboardingBarGraphicModel.swift in Sources */,
				364559F92861114A00368836 /* Persistence.swift in Sources */,
				FBBAED662860F5FD00CFD86E /* AlimentationCategory+CoreDataProperties.swift in Sources */,
				FBBAED5B2860F5FD00CFD86E /* Emotional+CoreDataClass.swift in Sources */,
				50957B1D285F6A6F00C908BB /* FoodQuantityStepper.swift in Sources */,
				FBBAED5C2860F5FD00CFD86E /* Emotional+CoreDataProperties.swift in Sources */,
				50188B6D2863A5180017AF2C /* EmptyHomeView.swift in Sources */,
				FBBAED632860F5FD00CFD86E /* Meal+CoreDataClass.swift in Sources */,
				50F3D3F5285A7AF2007DE261 /* FoodQuantityDataView.swift in Sources */,
				505F171C2862607D002D6BF5 /* OnboardingView.swift in Sources */,
				50BCEC52284EC02300C85359 /* NotificationView.swift in Sources */,
				50FE6AFC28528D56007F6073 /* RoundedTriangle.swift in Sources */,
				504E2F57285A57250015F3D9 /* FoodAlertView.swift in Sources */,
			);
			runOnlyForDeploymentPostprocessing = 0;
		};
/* End PBXSourcesBuildPhase section */

/* Begin PBXTargetDependency section */
		50BCEC3E284EC02100C85359 /* PBXTargetDependency */ = {
			isa = PBXTargetDependency;
			target = 50BCEC3A284EC02100C85359 /* Mini06-watchOSApp WatchKit App */;
			targetProxy = 50BCEC3D284EC02100C85359 /* PBXContainerItemProxy */;
		};
		50BCEC49284EC02300C85359 /* PBXTargetDependency */ = {
			isa = PBXTargetDependency;
			target = 50BCEC45284EC02300C85359 /* Mini06-watchOSApp WatchKit Extension */;
			targetProxy = 50BCEC48284EC02300C85359 /* PBXContainerItemProxy */;
		};
/* End PBXTargetDependency section */

/* Begin XCBuildConfiguration section */
		50BCEC5C284EC02300C85359 /* Debug */ = {
			isa = XCBuildConfiguration;
			buildSettings = {
				ALWAYS_SEARCH_USER_PATHS = NO;
				CLANG_ANALYZER_NONNULL = YES;
				CLANG_ANALYZER_NUMBER_OBJECT_CONVERSION = YES_AGGRESSIVE;
				CLANG_CXX_LANGUAGE_STANDARD = "gnu++17";
				CLANG_ENABLE_MODULES = YES;
				CLANG_ENABLE_OBJC_ARC = YES;
				CLANG_ENABLE_OBJC_WEAK = YES;
				CLANG_WARN_BLOCK_CAPTURE_AUTORELEASING = YES;
				CLANG_WARN_BOOL_CONVERSION = YES;
				CLANG_WARN_COMMA = YES;
				CLANG_WARN_CONSTANT_CONVERSION = YES;
				CLANG_WARN_DEPRECATED_OBJC_IMPLEMENTATIONS = YES;
				CLANG_WARN_DIRECT_OBJC_ISA_USAGE = YES_ERROR;
				CLANG_WARN_DOCUMENTATION_COMMENTS = YES;
				CLANG_WARN_EMPTY_BODY = YES;
				CLANG_WARN_ENUM_CONVERSION = YES;
				CLANG_WARN_INFINITE_RECURSION = YES;
				CLANG_WARN_INT_CONVERSION = YES;
				CLANG_WARN_NON_LITERAL_NULL_CONVERSION = YES;
				CLANG_WARN_OBJC_IMPLICIT_RETAIN_SELF = YES;
				CLANG_WARN_OBJC_LITERAL_CONVERSION = YES;
				CLANG_WARN_OBJC_ROOT_CLASS = YES_ERROR;
				CLANG_WARN_QUOTED_INCLUDE_IN_FRAMEWORK_HEADER = YES;
				CLANG_WARN_RANGE_LOOP_ANALYSIS = YES;
				CLANG_WARN_STRICT_PROTOTYPES = YES;
				CLANG_WARN_SUSPICIOUS_MOVE = YES;
				CLANG_WARN_UNGUARDED_AVAILABILITY = YES_AGGRESSIVE;
				CLANG_WARN_UNREACHABLE_CODE = YES;
				CLANG_WARN__DUPLICATE_METHOD_MATCH = YES;
				COPY_PHASE_STRIP = NO;
				DEBUG_INFORMATION_FORMAT = dwarf;
				ENABLE_STRICT_OBJC_MSGSEND = YES;
				ENABLE_TESTABILITY = YES;
				GCC_C_LANGUAGE_STANDARD = gnu11;
				GCC_DYNAMIC_NO_PIC = NO;
				GCC_NO_COMMON_BLOCKS = YES;
				GCC_OPTIMIZATION_LEVEL = 0;
				GCC_PREPROCESSOR_DEFINITIONS = (
					"DEBUG=1",
					"$(inherited)",
				);
				GCC_WARN_64_TO_32_BIT_CONVERSION = YES;
				GCC_WARN_ABOUT_RETURN_TYPE = YES_ERROR;
				GCC_WARN_UNDECLARED_SELECTOR = YES;
				GCC_WARN_UNINITIALIZED_AUTOS = YES_AGGRESSIVE;
				GCC_WARN_UNUSED_FUNCTION = YES;
				GCC_WARN_UNUSED_VARIABLE = YES;
				IPHONEOS_DEPLOYMENT_TARGET = 15.0;
				MTL_ENABLE_DEBUG_INFO = INCLUDE_SOURCE;
				MTL_FAST_MATH = YES;
				ONLY_ACTIVE_ARCH = YES;
				SDKROOT = iphoneos;
				SWIFT_ACTIVE_COMPILATION_CONDITIONS = DEBUG;
				SWIFT_OPTIMIZATION_LEVEL = "-Onone";
				WATCHOS_DEPLOYMENT_TARGET = 8.0;
			};
			name = Debug;
		};
		50BCEC5D284EC02300C85359 /* Release */ = {
			isa = XCBuildConfiguration;
			buildSettings = {
				ALWAYS_SEARCH_USER_PATHS = NO;
				CLANG_ANALYZER_NONNULL = YES;
				CLANG_ANALYZER_NUMBER_OBJECT_CONVERSION = YES_AGGRESSIVE;
				CLANG_CXX_LANGUAGE_STANDARD = "gnu++17";
				CLANG_ENABLE_MODULES = YES;
				CLANG_ENABLE_OBJC_ARC = YES;
				CLANG_ENABLE_OBJC_WEAK = YES;
				CLANG_WARN_BLOCK_CAPTURE_AUTORELEASING = YES;
				CLANG_WARN_BOOL_CONVERSION = YES;
				CLANG_WARN_COMMA = YES;
				CLANG_WARN_CONSTANT_CONVERSION = YES;
				CLANG_WARN_DEPRECATED_OBJC_IMPLEMENTATIONS = YES;
				CLANG_WARN_DIRECT_OBJC_ISA_USAGE = YES_ERROR;
				CLANG_WARN_DOCUMENTATION_COMMENTS = YES;
				CLANG_WARN_EMPTY_BODY = YES;
				CLANG_WARN_ENUM_CONVERSION = YES;
				CLANG_WARN_INFINITE_RECURSION = YES;
				CLANG_WARN_INT_CONVERSION = YES;
				CLANG_WARN_NON_LITERAL_NULL_CONVERSION = YES;
				CLANG_WARN_OBJC_IMPLICIT_RETAIN_SELF = YES;
				CLANG_WARN_OBJC_LITERAL_CONVERSION = YES;
				CLANG_WARN_OBJC_ROOT_CLASS = YES_ERROR;
				CLANG_WARN_QUOTED_INCLUDE_IN_FRAMEWORK_HEADER = YES;
				CLANG_WARN_RANGE_LOOP_ANALYSIS = YES;
				CLANG_WARN_STRICT_PROTOTYPES = YES;
				CLANG_WARN_SUSPICIOUS_MOVE = YES;
				CLANG_WARN_UNGUARDED_AVAILABILITY = YES_AGGRESSIVE;
				CLANG_WARN_UNREACHABLE_CODE = YES;
				CLANG_WARN__DUPLICATE_METHOD_MATCH = YES;
				COPY_PHASE_STRIP = NO;
				DEBUG_INFORMATION_FORMAT = "dwarf-with-dsym";
				ENABLE_NS_ASSERTIONS = NO;
				ENABLE_STRICT_OBJC_MSGSEND = YES;
				GCC_C_LANGUAGE_STANDARD = gnu11;
				GCC_NO_COMMON_BLOCKS = YES;
				GCC_WARN_64_TO_32_BIT_CONVERSION = YES;
				GCC_WARN_ABOUT_RETURN_TYPE = YES_ERROR;
				GCC_WARN_UNDECLARED_SELECTOR = YES;
				GCC_WARN_UNINITIALIZED_AUTOS = YES_AGGRESSIVE;
				GCC_WARN_UNUSED_FUNCTION = YES;
				GCC_WARN_UNUSED_VARIABLE = YES;
				IPHONEOS_DEPLOYMENT_TARGET = 15.0;
				MTL_ENABLE_DEBUG_INFO = NO;
				MTL_FAST_MATH = YES;
				SDKROOT = iphoneos;
				SWIFT_COMPILATION_MODE = wholemodule;
				SWIFT_OPTIMIZATION_LEVEL = "-O";
				VALIDATE_PRODUCT = YES;
				WATCHOS_DEPLOYMENT_TARGET = 8.0;
			};
			name = Release;
		};
		50BCEC5F284EC02300C85359 /* Debug */ = {
			isa = XCBuildConfiguration;
			buildSettings = {
				ASSETCATALOG_COMPILER_COMPLICATION_NAME = Complication;
				CODE_SIGN_ENTITLEMENTS = "Mini06-watchOSApp WatchKit Extension/Mini06-watchOSApp WatchKit Extension.entitlements";
				CODE_SIGN_STYLE = Automatic;
				CURRENT_PROJECT_VERSION = 1;
				DEVELOPMENT_ASSET_PATHS = "";
				DEVELOPMENT_TEAM = "";
				ENABLE_PREVIEWS = YES;
				GENERATE_INFOPLIST_FILE = YES;
				INFOPLIST_FILE = "Mini06-watchOSApp WatchKit Extension/Info.plist";
				INFOPLIST_KEY_CFBundleDisplayName = "Mini06-watchOSApp WatchKit Extension";
				INFOPLIST_KEY_CLKComplicationPrincipalClass = Mini06_watchOSApp_WatchKit_Extension.ComplicationController;
				INFOPLIST_KEY_NSHealthShareUsageDescription = "Permission for share healthData";
				INFOPLIST_KEY_NSHealthUpdateUsageDescription = "Permission for update healthData";
				INFOPLIST_KEY_NSHumanReadableCopyright = "";
				INFOPLIST_KEY_WKWatchOnly = YES;
				LD_RUNPATH_SEARCH_PATHS = (
					"$(inherited)",
					"@executable_path/Frameworks",
					"@executable_path/../../Frameworks",
				);
				MARKETING_VERSION = 0.5;
				PRODUCT_BUNDLE_IDENTIFIER = "br.com.app.Mini06-watchOSApp.watchkitapp.watchkitextension";
				PRODUCT_NAME = "${TARGET_NAME}";
				SDKROOT = watchos;
				SKIP_INSTALL = YES;
				SWIFT_EMIT_LOC_STRINGS = YES;
				SWIFT_VERSION = 5.0;
				TARGETED_DEVICE_FAMILY = 4;
				WATCHOS_DEPLOYMENT_TARGET = 8.0;
			};
			name = Debug;
		};
		50BCEC60284EC02300C85359 /* Release */ = {
			isa = XCBuildConfiguration;
			buildSettings = {
				ASSETCATALOG_COMPILER_COMPLICATION_NAME = Complication;
				CODE_SIGN_ENTITLEMENTS = "Mini06-watchOSApp WatchKit Extension/Mini06-watchOSApp WatchKit Extension.entitlements";
				CODE_SIGN_STYLE = Automatic;
				CURRENT_PROJECT_VERSION = 1;
				DEVELOPMENT_ASSET_PATHS = "";
				DEVELOPMENT_TEAM = "";
				ENABLE_PREVIEWS = YES;
				GENERATE_INFOPLIST_FILE = YES;
				INFOPLIST_FILE = "Mini06-watchOSApp WatchKit Extension/Info.plist";
				INFOPLIST_KEY_CFBundleDisplayName = "Mini06-watchOSApp WatchKit Extension";
				INFOPLIST_KEY_CLKComplicationPrincipalClass = Mini06_watchOSApp_WatchKit_Extension.ComplicationController;
				INFOPLIST_KEY_NSHealthShareUsageDescription = "Permission for share healthData";
				INFOPLIST_KEY_NSHealthUpdateUsageDescription = "Permission for update healthData";
				INFOPLIST_KEY_NSHumanReadableCopyright = "";
				INFOPLIST_KEY_WKWatchOnly = YES;
				LD_RUNPATH_SEARCH_PATHS = (
					"$(inherited)",
					"@executable_path/Frameworks",
					"@executable_path/../../Frameworks",
				);
				MARKETING_VERSION = 0.5;
				PRODUCT_BUNDLE_IDENTIFIER = "br.com.app.Mini06-watchOSApp.watchkitapp.watchkitextension";
				PRODUCT_NAME = "${TARGET_NAME}";
				SDKROOT = watchos;
				SKIP_INSTALL = YES;
				SWIFT_EMIT_LOC_STRINGS = YES;
				SWIFT_VERSION = 5.0;
				TARGETED_DEVICE_FAMILY = 4;
				WATCHOS_DEPLOYMENT_TARGET = 8.0;
			};
			name = Release;
		};
		50BCEC63284EC02300C85359 /* Debug */ = {
			isa = XCBuildConfiguration;
			buildSettings = {
				ALWAYS_EMBED_SWIFT_STANDARD_LIBRARIES = YES;
				ASSETCATALOG_COMPILER_APPICON_NAME = AppIcon;
				ASSETCATALOG_COMPILER_GLOBAL_ACCENT_COLOR_NAME = AccentColor;
				CLANG_ENABLE_MODULES = YES;
				CODE_SIGN_STYLE = Automatic;
				CURRENT_PROJECT_VERSION = 1;
				DEVELOPMENT_TEAM = "";
				GENERATE_INFOPLIST_FILE = YES;
				IBSC_MODULE = Mini06_watchOSApp_WatchKit_Extension;
				INFOPLIST_KEY_CFBundleDisplayName = "Mini06-watchOSApp WatchKit App";
				INFOPLIST_KEY_UISupportedInterfaceOrientations = "UIInterfaceOrientationPortrait UIInterfaceOrientationPortraitUpsideDown";
				LD_RUNPATH_SEARCH_PATHS = (
					"$(inherited)",
					"@executable_path/../Frameworks",
					"@loader_path/../Frameworks",
				);
				MARKETING_VERSION = 0.5;
				PRODUCT_BUNDLE_IDENTIFIER = "br.com.app.Mini06-watchOSApp.watchkitapp";
				PRODUCT_NAME = "$(TARGET_NAME)";
				SDKROOT = watchos;
				SKIP_INSTALL = YES;
				SWIFT_EMIT_LOC_STRINGS = YES;
				SWIFT_OBJC_BRIDGING_HEADER = "Mini06-watchOSApp WatchKit App-Bridging-Header.h";
				SWIFT_OPTIMIZATION_LEVEL = "-Onone";
				SWIFT_VERSION = 5.0;
				TARGETED_DEVICE_FAMILY = 4;
				WATCHOS_DEPLOYMENT_TARGET = 8.0;
			};
			name = Debug;
		};
		50BCEC64284EC02300C85359 /* Release */ = {
			isa = XCBuildConfiguration;
			buildSettings = {
				ALWAYS_EMBED_SWIFT_STANDARD_LIBRARIES = YES;
				ASSETCATALOG_COMPILER_APPICON_NAME = AppIcon;
				ASSETCATALOG_COMPILER_GLOBAL_ACCENT_COLOR_NAME = AccentColor;
				CLANG_ENABLE_MODULES = YES;
				CODE_SIGN_STYLE = Automatic;
				CURRENT_PROJECT_VERSION = 1;
				DEVELOPMENT_TEAM = "";
				GENERATE_INFOPLIST_FILE = YES;
				IBSC_MODULE = Mini06_watchOSApp_WatchKit_Extension;
				INFOPLIST_KEY_CFBundleDisplayName = "Mini06-watchOSApp WatchKit App";
				INFOPLIST_KEY_UISupportedInterfaceOrientations = "UIInterfaceOrientationPortrait UIInterfaceOrientationPortraitUpsideDown";
				LD_RUNPATH_SEARCH_PATHS = (
					"$(inherited)",
					"@executable_path/../Frameworks",
					"@loader_path/../Frameworks",
				);
				MARKETING_VERSION = 0.5;
				PRODUCT_BUNDLE_IDENTIFIER = "br.com.app.Mini06-watchOSApp.watchkitapp";
				PRODUCT_NAME = "$(TARGET_NAME)";
				SDKROOT = watchos;
				SKIP_INSTALL = YES;
				SWIFT_EMIT_LOC_STRINGS = YES;
				SWIFT_OBJC_BRIDGING_HEADER = "Mini06-watchOSApp WatchKit App-Bridging-Header.h";
				SWIFT_VERSION = 5.0;
				TARGETED_DEVICE_FAMILY = 4;
				WATCHOS_DEPLOYMENT_TARGET = 8.0;
			};
			name = Release;
		};
		50BCEC67284EC02300C85359 /* Debug */ = {
			isa = XCBuildConfiguration;
			buildSettings = {
				CODE_SIGN_STYLE = Automatic;
				CURRENT_PROJECT_VERSION = 1;
				DEVELOPMENT_TEAM = "";
				MARKETING_VERSION = 0.5;
				PRODUCT_BUNDLE_IDENTIFIER = "br.com.app.Mini06-watchOSApp";
				PRODUCT_NAME = "Watch App";
				SWIFT_VERSION = 5.0;
			};
			name = Debug;
		};
		50BCEC68284EC02300C85359 /* Release */ = {
			isa = XCBuildConfiguration;
			buildSettings = {
				CODE_SIGN_STYLE = Automatic;
				CURRENT_PROJECT_VERSION = 1;
				DEVELOPMENT_TEAM = "";
				MARKETING_VERSION = 0.5;
				PRODUCT_BUNDLE_IDENTIFIER = "br.com.app.Mini06-watchOSApp";
				PRODUCT_NAME = "Watch App";
				SWIFT_VERSION = 5.0;
			};
			name = Release;
		};
/* End XCBuildConfiguration section */

/* Begin XCConfigurationList section */
		50BCEC34284EC02100C85359 /* Build configuration list for PBXProject "Mini06-watchOSApp" */ = {
			isa = XCConfigurationList;
			buildConfigurations = (
				50BCEC5C284EC02300C85359 /* Debug */,
				50BCEC5D284EC02300C85359 /* Release */,
			);
			defaultConfigurationIsVisible = 0;
			defaultConfigurationName = Release;
		};
		50BCEC5E284EC02300C85359 /* Build configuration list for PBXNativeTarget "Mini06-watchOSApp WatchKit Extension" */ = {
			isa = XCConfigurationList;
			buildConfigurations = (
				50BCEC5F284EC02300C85359 /* Debug */,
				50BCEC60284EC02300C85359 /* Release */,
			);
			defaultConfigurationIsVisible = 0;
			defaultConfigurationName = Release;
		};
		50BCEC62284EC02300C85359 /* Build configuration list for PBXNativeTarget "Mini06-watchOSApp WatchKit App" */ = {
			isa = XCConfigurationList;
			buildConfigurations = (
				50BCEC63284EC02300C85359 /* Debug */,
				50BCEC64284EC02300C85359 /* Release */,
			);
			defaultConfigurationIsVisible = 0;
			defaultConfigurationName = Release;
		};
		50BCEC66284EC02300C85359 /* Build configuration list for PBXNativeTarget "Mini06-watchOSApp" */ = {
			isa = XCConfigurationList;
			buildConfigurations = (
				50BCEC67284EC02300C85359 /* Debug */,
				50BCEC68284EC02300C85359 /* Release */,
			);
			defaultConfigurationIsVisible = 0;
			defaultConfigurationName = Release;
		};
/* End XCConfigurationList section */

/* Begin XCVersionGroup section */
		FBBAED442860F0DD00CFD86E /* CoreData.xcdatamodeld */ = {
			isa = XCVersionGroup;
			children = (
				FBBAED452860F0DD00CFD86E /* CoreData.xcdatamodel */,
			);
			currentVersion = FBBAED452860F0DD00CFD86E /* CoreData.xcdatamodel */;
			path = CoreData.xcdatamodeld;
			sourceTree = "<group>";
			versionGroupType = wrapper.xcdatamodel;
		};
/* End XCVersionGroup section */
	};
	rootObject = 50BCEC31284EC02100C85359 /* Project object */;
}
